
Microsoft Visual Studio Solution File, Format Version 12.00
# Visual Studio 2017
Project("{FAE04EC0-301F-11D3-BF4B-00C04F79EFBC}") = "BunkerDefender", "BunkerDefender.csproj", "{EBBC7533-4BFE-B887-1220-A28AEC36EDD2}"
EndProject
Global
	GlobalSection(SolutionConfigurationPlatforms) = preSolution
		Debug|Any CPU = Debug|Any CPU
		Release|Any CPU = Release|Any CPU
	EndGlobalSection
	GlobalSection(ProjectConfigurationPlatforms) = postSolution
		{EBBC7533-4BFE-B887-1220-A28AEC36EDD2}.Debug|Any CPU.ActiveCfg = Debug|Any CPU
		{EBBC7533-4BFE-B887-1220-A28AEC36EDD2}.Debug|Any CPU.Build.0 = Debug|Any CPU
		{EBBC7533-4BFE-B887-1220-A28AEC36EDD2}.Release|Any CPU.ActiveCfg = Release|Any CPU
		{EBBC7533-4BFE-B887-1220-A28AEC36EDD2}.Release|Any CPU.Build.0 = Release|Any CPU
	EndGlobalSection
	GlobalSection(SolutionProperties) = preSolution
		HideSolutionNode = FALSE
	EndGlobalSection
EndGlobal
